
Microsoft Visual Studio Solution File, Format Version 12.00
# Visual Studio 14
VisualStudioVersion = 14.0.25420.1
MinimumVisualStudioVersion = 10.0.40219.1
Project("{FAE04EC0-301F-11D3-BF4B-00C04F79EFBC}") = "PaperClip.TopShelf", "PaperClip.TopShelf\PaperClip.TopShelf.csproj", "{A39ABF26-2E57-403D-9EAC-43845AB9F166}"
EndProject
Project("{FAE04EC0-301F-11D3-BF4B-00C04F79EFBC}") = "PaperClip.Neuron", "PaperClip.Neuron\PaperClip.Neuron.csproj", "{03431569-D678-41EE-A758-5B4AE72B46FC}"
EndProject
Global
	GlobalSection(SolutionConfigurationPlatforms) = preSolution
		Debug|Any CPU = Debug|Any CPU
		Release|Any CPU = Release|Any CPU
	EndGlobalSection
	GlobalSection(ProjectConfigurationPlatforms) = postSolution
		{A39ABF26-2E57-403D-9EAC-43845AB9F166}.Debug|Any CPU.ActiveCfg = Debug|Any CPU
		{A39ABF26-2E57-403D-9EAC-43845AB9F166}.Debug|Any CPU.Build.0 = Debug|Any CPU
		{A39ABF26-2E57-403D-9EAC-43845AB9F166}.Release|Any CPU.ActiveCfg = Release|Any CPU
		{A39ABF26-2E57-403D-9EAC-43845AB9F166}.Release|Any CPU.Build.0 = Release|Any CPU
		{03431569-D678-41EE-A758-5B4AE72B46FC}.Debug|Any CPU.ActiveCfg = Debug|Any CPU
		{03431569-D678-41EE-A758-5B4AE72B46FC}.Debug|Any CPU.Build.0 = Debug|Any CPU
		{03431569-D678-41EE-A758-5B4AE72B46FC}.Release|Any CPU.ActiveCfg = Release|Any CPU
		{03431569-D678-41EE-A758-5B4AE72B46FC}.Release|Any CPU.Build.0 = Release|Any CPU
	EndGlobalSection
	GlobalSection(SolutionProperties) = preSolution
		HideSolutionNode = FALSE
	EndGlobalSection
EndGlobal
